
Microsoft Visual Studio Solution File, Format Version 12.00
# Visual Studio Version 17
VisualStudioVersion = 17.11.35222.181
MinimumVisualStudioVersion = 10.0.40219.1
Project("{FAE04EC0-301F-11D3-BF4B-00C04F79EFBC}") = "Soluttion1", "Soluttion1\Soluttion1.csproj", "{4ECC9A34-0E48-4E24-9563-3340A2882DD6}"
EndProject
Global
	GlobalSection(SolutionConfigurationPlatforms) = preSolution
		Debug|Any CPU = Debug|Any CPU
		Release|Any CPU = Release|Any CPU
	EndGlobalSection
	GlobalSection(ProjectConfigurationPlatforms) = postSolution
		{4ECC9A34-0E48-4E24-9563-3340A2882DD6}.Debug|Any CPU.ActiveCfg = Debug|Any CPU
		{4ECC9A34-0E48-4E24-9563-3340A2882DD6}.Debug|Any CPU.Build.0 = Debug|Any CPU
		{4ECC9A34-0E48-4E24-9563-3340A2882DD6}.Release|Any CPU.ActiveCfg = Release|Any CPU
		{4ECC9A34-0E48-4E24-9563-3340A2882DD6}.Release|Any CPU.Build.0 = Release|Any CPU
	EndGlobalSection
	GlobalSection(SolutionProperties) = preSolution
		HideSolutionNode = FALSE
	EndGlobalSection
	GlobalSection(ExtensibilityGlobals) = postSolution
		SolutionGuid = {B813D43A-1FD8-4D6F-A347-F9911EAB42D2}
	EndGlobalSection
EndGlobal
